
Microsoft Visual Studio Solution File, Format Version 12.00
# Visual Studio Version 16
VisualStudioVersion = 16.0.30907.101
MinimumVisualStudioVersion = 10.0.40219.1
Project("{2150E333-8FDC-42A3-9474-1A3956D46DE8}") = "Services", "Services", "{BAC08AB1-4ADF-40BC-B953-70D0C6E5024A}"
EndProject
Project("{2150E333-8FDC-42A3-9474-1A3956D46DE8}") = "Web", "Web", "{414FA37E-6C3D-426A-87E7-AB9EC97A61DC}"
EndProject
Project("{2150E333-8FDC-42A3-9474-1A3956D46DE8}") = "Building Blocks", "Building Blocks", "{9D9EB66B-D949-4FDB-AD15-A713CC86F24E}"
EndProject
Project("{9A19103F-16F7-4668-BE54-9A1E7A4F7556}") = "SGM.Core", "src\Building Blocks\SGM.Core\SGM.Core.csproj", "{FDA35BF4-AAF2-40B6-A558-567688D01FE1}"
EndProject
Project("{9A19103F-16F7-4668-BE54-9A1E7A4F7556}") = "SGM.Identity.API", "src\Services\SGM.Identity.API\SGM.Identity.API.csproj", "{F87825EF-EF41-4519-BF31-242E79B58B0F}"
EndProject
Project("{9A19103F-16F7-4668-BE54-9A1E7A4F7556}") = "SGM.Cidadao.API", "src\Services\SGM.Cidadao.API\SGM.Cidadao.API.csproj", "{EF8A764D-EBFB-42B7-AA6B-FC4A19D74509}"
EndProject
Project("{9A19103F-16F7-4668-BE54-9A1E7A4F7556}") = "SGM.WebApp.MVC", "src\Web\SGM.WebApp.MVC\SGM.WebApp.MVC.csproj", "{342292D7-9EA4-4C7A-AD6C-F3E7C22DDB95}"
EndProject
Project("{9A19103F-16F7-4668-BE54-9A1E7A4F7556}") = "SGM.MessageBus", "src\Building Blocks\SGM.MessageBus\SGM.MessageBus.csproj", "{1BCA51FE-C6F3-48BE-AE93-4C0273E3FB79}"
EndProject
Project("{9A19103F-16F7-4668-BE54-9A1E7A4F7556}") = "SGM.WebAPI.Core", "src\Building Blocks\SGM.WebAPI.Core\SGM.WebAPI.Core.csproj", "{0B9FB594-8299-40D1-BEBF-041B8E13D2C9}"
EndProject
Project("{9A19103F-16F7-4668-BE54-9A1E7A4F7556}") = "SGM.Solicitacao.API", "src\Services\SGM.Solicitacao.API\SGM.Solicitacao.API.csproj", "{CCB9FD9B-D54E-41C9-8E49-11B9C48945A1}"
EndProject
Project("{FAE04EC0-301F-11D3-BF4B-00C04F79EFBC}") = "SGM.OrdemServico.API", "src\Services\SGM.OrdemServico.API\SGM.OrdemServico.API.csproj", "{C1127A83-A640-4400-A0DC-DA261B64698B}"
EndProject
Global
	GlobalSection(SolutionConfigurationPlatforms) = preSolution
		Debug|Any CPU = Debug|Any CPU
		Release|Any CPU = Release|Any CPU
	EndGlobalSection
	GlobalSection(ProjectConfigurationPlatforms) = postSolution
		{FDA35BF4-AAF2-40B6-A558-567688D01FE1}.Debug|Any CPU.ActiveCfg = Debug|Any CPU
		{FDA35BF4-AAF2-40B6-A558-567688D01FE1}.Debug|Any CPU.Build.0 = Debug|Any CPU
		{FDA35BF4-AAF2-40B6-A558-567688D01FE1}.Release|Any CPU.ActiveCfg = Release|Any CPU
		{FDA35BF4-AAF2-40B6-A558-567688D01FE1}.Release|Any CPU.Build.0 = Release|Any CPU
		{F87825EF-EF41-4519-BF31-242E79B58B0F}.Debug|Any CPU.ActiveCfg = Debug|Any CPU
		{F87825EF-EF41-4519-BF31-242E79B58B0F}.Debug|Any CPU.Build.0 = Debug|Any CPU
		{F87825EF-EF41-4519-BF31-242E79B58B0F}.Release|Any CPU.ActiveCfg = Release|Any CPU
		{F87825EF-EF41-4519-BF31-242E79B58B0F}.Release|Any CPU.Build.0 = Release|Any CPU
		{EF8A764D-EBFB-42B7-AA6B-FC4A19D74509}.Debug|Any CPU.ActiveCfg = Debug|Any CPU
		{EF8A764D-EBFB-42B7-AA6B-FC4A19D74509}.Debug|Any CPU.Build.0 = Debug|Any CPU
		{EF8A764D-EBFB-42B7-AA6B-FC4A19D74509}.Release|Any CPU.ActiveCfg = Release|Any CPU
		{EF8A764D-EBFB-42B7-AA6B-FC4A19D74509}.Release|Any CPU.Build.0 = Release|Any CPU
		{342292D7-9EA4-4C7A-AD6C-F3E7C22DDB95}.Debug|Any CPU.ActiveCfg = Debug|Any CPU
		{342292D7-9EA4-4C7A-AD6C-F3E7C22DDB95}.Debug|Any CPU.Build.0 = Debug|Any CPU
		{342292D7-9EA4-4C7A-AD6C-F3E7C22DDB95}.Release|Any CPU.ActiveCfg = Release|Any CPU
		{342292D7-9EA4-4C7A-AD6C-F3E7C22DDB95}.Release|Any CPU.Build.0 = Release|Any CPU
		{1BCA51FE-C6F3-48BE-AE93-4C0273E3FB79}.Debug|Any CPU.ActiveCfg = Debug|Any CPU
		{1BCA51FE-C6F3-48BE-AE93-4C0273E3FB79}.Debug|Any CPU.Build.0 = Debug|Any CPU
		{1BCA51FE-C6F3-48BE-AE93-4C0273E3FB79}.Release|Any CPU.ActiveCfg = Release|Any CPU
		{1BCA51FE-C6F3-48BE-AE93-4C0273E3FB79}.Release|Any CPU.Build.0 = Release|Any CPU
		{0B9FB594-8299-40D1-BEBF-041B8E13D2C9}.Debug|Any CPU.ActiveCfg = Debug|Any CPU
		{0B9FB594-8299-40D1-BEBF-041B8E13D2C9}.Debug|Any CPU.Build.0 = Debug|Any CPU
		{0B9FB594-8299-40D1-BEBF-041B8E13D2C9}.Release|Any CPU.ActiveCfg = Release|Any CPU
		{0B9FB594-8299-40D1-BEBF-041B8E13D2C9}.Release|Any CPU.Build.0 = Release|Any CPU
		{CCB9FD9B-D54E-41C9-8E49-11B9C48945A1}.Debug|Any CPU.ActiveCfg = Debug|Any CPU
		{CCB9FD9B-D54E-41C9-8E49-11B9C48945A1}.Debug|Any CPU.Build.0 = Debug|Any CPU
		{CCB9FD9B-D54E-41C9-8E49-11B9C48945A1}.Release|Any CPU.ActiveCfg = Release|Any CPU
		{CCB9FD9B-D54E-41C9-8E49-11B9C48945A1}.Release|Any CPU.Build.0 = Release|Any CPU
		{C1127A83-A640-4400-A0DC-DA261B64698B}.Debug|Any CPU.ActiveCfg = Debug|Any CPU
		{C1127A83-A640-4400-A0DC-DA261B64698B}.Debug|Any CPU.Build.0 = Debug|Any CPU
		{C1127A83-A640-4400-A0DC-DA261B64698B}.Release|Any CPU.ActiveCfg = Release|Any CPU
		{C1127A83-A640-4400-A0DC-DA261B64698B}.Release|Any CPU.Build.0 = Release|Any CPU
	EndGlobalSection
	GlobalSection(SolutionProperties) = preSolution
		HideSolutionNode = FALSE
	EndGlobalSection
	GlobalSection(NestedProjects) = preSolution
		{414FA37E-6C3D-426A-87E7-AB9EC97A61DC} = {BAC08AB1-4ADF-40BC-B953-70D0C6E5024A}
		{FDA35BF4-AAF2-40B6-A558-567688D01FE1} = {9D9EB66B-D949-4FDB-AD15-A713CC86F24E}
		{F87825EF-EF41-4519-BF31-242E79B58B0F} = {BAC08AB1-4ADF-40BC-B953-70D0C6E5024A}
		{EF8A764D-EBFB-42B7-AA6B-FC4A19D74509} = {BAC08AB1-4ADF-40BC-B953-70D0C6E5024A}
		{342292D7-9EA4-4C7A-AD6C-F3E7C22DDB95} = {414FA37E-6C3D-426A-87E7-AB9EC97A61DC}
		{1BCA51FE-C6F3-48BE-AE93-4C0273E3FB79} = {9D9EB66B-D949-4FDB-AD15-A713CC86F24E}
		{0B9FB594-8299-40D1-BEBF-041B8E13D2C9} = {9D9EB66B-D949-4FDB-AD15-A713CC86F24E}
		{CCB9FD9B-D54E-41C9-8E49-11B9C48945A1} = {BAC08AB1-4ADF-40BC-B953-70D0C6E5024A}
		{C1127A83-A640-4400-A0DC-DA261B64698B} = {BAC08AB1-4ADF-40BC-B953-70D0C6E5024A}
	EndGlobalSection
	GlobalSection(ExtensibilityGlobals) = postSolution
		SolutionGuid = {B8B15893-29D1-4222-B595-70AB00EC5938}
	EndGlobalSection
EndGlobal
